
Microsoft Visual Studio Solution File, Format Version 11.00
# Visual C++ Express 2010
Project("{8BC9CEB8-8B4A-11D0-8D11-00A0C91BC942}") = "video_square", "video_square\video_square.vcxproj", "{67392082-732F-4E8D-8BAE-8A7D0E45F741}"
EndProject
Global
	GlobalSection(SolutionConfigurationPlatforms) = preSolution
		Debug|Win32 = Debug|Win32
		Release|Win32 = Release|Win32
	EndGlobalSection
	GlobalSection(ProjectConfigurationPlatforms) = postSolution
		{67392082-732F-4E8D-8BAE-8A7D0E45F741}.Debug|Win32.ActiveCfg = Debug|Win32
		{67392082-732F-4E8D-8BAE-8A7D0E45F741}.Debug|Win32.Build.0 = Debug|Win32
		{67392082-732F-4E8D-8BAE-8A7D0E45F741}.Release|Win32.ActiveCfg = Release|Win32
		{67392082-732F-4E8D-8BAE-8A7D0E45F741}.Release|Win32.Build.0 = Release|Win32
	EndGlobalSection
	GlobalSection(SolutionProperties) = preSolution
		HideSolutionNode = FALSE
	EndGlobalSection
EndGlobal
