
Microsoft Visual Studio Solution File, Format Version 11.00
# Visual C++ Express 2010
Project("{8BC9CEB8-8B4A-11D0-8D11-00A0C91BC942}") = "bbp", "video_fb\video_fb.vcxproj", "{3D779CE6-A610-49F7-AC07-992AEEB4115D}"
EndProject
Global
	GlobalSection(SolutionConfigurationPlatforms) = preSolution
		Release|Win32 = Release|Win32
	EndGlobalSection
	GlobalSection(ProjectConfigurationPlatforms) = postSolution
		{3D779CE6-A610-49F7-AC07-992AEEB4115D}.Release|Win32.ActiveCfg = Release|Win32
		{3D779CE6-A610-49F7-AC07-992AEEB4115D}.Release|Win32.Build.0 = Release|Win32
	EndGlobalSection
	GlobalSection(SolutionProperties) = preSolution
		HideSolutionNode = FALSE
	EndGlobalSection
EndGlobal
